schema: '2.0'
stages:
  load_data:
    cmd: python -m src.data_loading.load_data
    deps:
    - path: src/data_loading/load_data.py
      hash: md5
      md5: 4cfb609c1caff4d71aa6cc29ec1c7149
      size: 1498
    outs:
    - path: data/raw/raw.csv
      hash: md5
      md5: 81e84bc384fee6ef73d620e4aa07356c
      size: 116187
  preprocess_data:
    cmd: python -m src.data_preprocessing.preprocess_data
    deps:
    - path: data/raw/raw.csv
      hash: md5
      md5: 81e84bc384fee6ef73d620e4aa07356c
      size: 116187
    - path: src/data_preprocessing/preprocess_data.py
      hash: md5
      md5: 727f22f9650a9dfb2b1a217912d46034
      size: 3993
    params:
      params.yaml:
        preprocess_data.random_seed: 42
        preprocess_data.test_size: 0.2
    outs:
    - path: artifacts/[features]_mean_imputer.joblib
      hash: md5
      md5: b460ffcae962fdb82daeb61a105f40d9
      size: 1511
    - path: data/preprocessed/test_preprocessed.csv
      hash: md5
      md5: f8f9235f6f8a7631d9be1753458b21a2
      size: 26842
    - path: data/preprocessed/train_preprocessed.csv
      hash: md5
      md5: 47720c0f6d215f46d8b19fa8cfc315fd
      size: 105850
  engineer_features:
    cmd: python -m src.feature_engineering.engineer_features
    deps:
    - path: data/preprocessed/test_preprocessed.csv
      hash: md5
      md5: f8f9235f6f8a7631d9be1753458b21a2
      size: 26842
    - path: data/preprocessed/train_preprocessed.csv
      hash: md5
      md5: 47720c0f6d215f46d8b19fa8cfc315fd
      size: 105850
    - path: src/feature_engineering/engineer_features.py
      hash: md5
      md5: f8446b81a185b5c5d4b06fd60a3b9b9f
      size: 3052
    outs:
    - path: artifacts/[features]_scaler.joblib
      hash: md5
      md5: 7cea8fb872941ba228f6b39cde1e1c91
      size: 2135
    - path: data/processed/test_processed.csv
      hash: md5
      md5: aaba9e7cb9c443d8028718c4b308bd52
      size: 67605
    - path: data/processed/train_processed.csv
      hash: md5
      md5: ee1636991c711c332ae0725afaac0a38
      size: 268578
  train:
    cmd: python -m src.model_training.train_model
    deps:
    - path: data/processed/train_processed.csv
      hash: md5
      md5: ee1636991c711c332ae0725afaac0a38
      size: 268578
    - path: src/model_training/train_model.py
      hash: md5
      md5: e1cea24ce4f84afaf2a3e8ef7f972ef1
      size: 6937
    params:
      params.yaml:
        train.batch_size: 16
        train.dropout_rate: 0.3
        train.epochs: 100
        train.hidden_layer_1_neurons: 64
        train.hidden_layer_2_neurons: 32
        train.learning_rate: 0.001
    outs:
    - path: artifacts/[target]_one_hot_encoder.joblib
      hash: md5
      md5: 9c68e41a114fdb0985121e8d89f055bc
      size: 617
    - path: metrics/training.json
      hash: md5
      md5: d1ced32c90ca4fac2a07de4b72f13556
      size: 140
    - path: models/model.keras
      hash: md5
      md5: b8b039516ae09d8892826e1450b658c0
      size: 79540
  evaluate:
    cmd: python -m src.model_evaluation.evaluate_model
    deps:
    - path: artifacts/[target]_one_hot_encoder.joblib
      hash: md5
      md5: 9c68e41a114fdb0985121e8d89f055bc
      size: 617
    - path: data/processed/test_processed.csv
      hash: md5
      md5: aaba9e7cb9c443d8028718c4b308bd52
      size: 67605
    - path: models/model.keras
      hash: md5
      md5: b8b039516ae09d8892826e1450b658c0
      size: 79540
    - path: src/model_evaluation/evaluate_model.py
      hash: md5
      md5: 65826ca3a608a5e9208c340b4a604a84
      size: 3314
    outs:
    - path: metrics/evaluation.json
      hash: md5
      md5: f99d744072dfad44347725311915f017
      size: 781
