schema: '2.0'
stages:
  load_data:
    cmd: python -m src.data_loading.load_data
    deps:
    - path: src/data_loading/load_data.py
      hash: md5
      md5: 4cfb609c1caff4d71aa6cc29ec1c7149
      size: 1498
    outs:
    - path: data/raw/raw.csv
      hash: md5
      md5: e3664c28c53d90cc5165d3b1ad7d18b2
      size: 116187
  preprocess_data:
    cmd: python -m src.data_preprocessing.preprocess_data
    deps:
    - path: data/raw/raw.csv
      hash: md5
      md5: e3664c28c53d90cc5165d3b1ad7d18b2
      size: 116187
    - path: src/data_preprocessing/preprocess_data.py
      hash: md5
      md5: 727f22f9650a9dfb2b1a217912d46034
      size: 3993
    params:
      params.yaml:
        preprocess_data.random_seed: 42
        preprocess_data.test_size: 0.2
    outs:
    - path: artifacts/[features]_mean_imputer.joblib
      hash: md5
      md5: 7510c05eac2386886d0e31b620cef8f2
      size: 1511
    - path: data/preprocessed/test_preprocessed.csv
      hash: md5
      md5: ea2eaf5f812501e2834ee83c41b0a904
      size: 26695
    - path: data/preprocessed/train_preprocessed.csv
      hash: md5
      md5: 8aeb46c3d875ae803796b1c57f048af7
      size: 106008
  engineer_features:
    cmd: python -m src.feature_engineering.engineer_features
    deps:
    - path: data/preprocessed/test_preprocessed.csv
      hash: md5
      md5: ea2eaf5f812501e2834ee83c41b0a904
      size: 26695
    - path: data/preprocessed/train_preprocessed.csv
      hash: md5
      md5: 8aeb46c3d875ae803796b1c57f048af7
      size: 106008
    - path: src/feature_engineering/engineer_features.py
      hash: md5
      md5: f8446b81a185b5c5d4b06fd60a3b9b9f
      size: 3052
    outs:
    - path: artifacts/[features]_scaler.joblib
      hash: md5
      md5: 9602a2ef9fa395c11ab8e71db17b39c2
      size: 2135
    - path: data/processed/test_processed.csv
      hash: md5
      md5: 75a3e118478025db1abc0ec4f1d7df0c
      size: 68057
    - path: data/processed/train_processed.csv
      hash: md5
      md5: e9b9515c73bffc40cf0f67ce229ca2e0
      size: 269779
  train:
    cmd: python -m src.model_training.train_model
    deps:
    - path: data/processed/train_processed.csv
      hash: md5
      md5: e9b9515c73bffc40cf0f67ce229ca2e0
      size: 269779
    - path: src/model_training/train_model.py
      hash: md5
      md5: e1cea24ce4f84afaf2a3e8ef7f972ef1
      size: 6937
    params:
      params.yaml:
        train.batch_size: 16
        train.dropout_rate: 0.3
        train.epochs: 100
        train.hidden_layer_1_neurons: 64
        train.hidden_layer_2_neurons: 32
        train.learning_rate: 0.001
    outs:
    - path: artifacts/[target]_one_hot_encoder.joblib
      hash: md5
      md5: 9c68e41a114fdb0985121e8d89f055bc
      size: 617
    - path: metrics/training.json
      hash: md5
      md5: 449346f3dccb7eb6e7d1e1f9a67689f7
      size: 141
    - path: models/model.keras
      hash: md5
      md5: aefcb04e647747e7763d1011df234342
      size: 79540
  evaluate:
    cmd: python -m src.model_evaluation.evaluate_model
    deps:
    - path: artifacts/[target]_one_hot_encoder.joblib
      hash: md5
      md5: 9c68e41a114fdb0985121e8d89f055bc
      size: 617
    - path: data/processed/test_processed.csv
      hash: md5
      md5: 75a3e118478025db1abc0ec4f1d7df0c
      size: 68057
    - path: models/model.keras
      hash: md5
      md5: aefcb04e647747e7763d1011df234342
      size: 79540
    - path: src/model_evaluation/evaluate_model.py
      hash: md5
      md5: 65826ca3a608a5e9208c340b4a604a84
      size: 3314
    outs:
    - path: metrics/evaluation.json
      hash: md5
      md5: a9d629461c752c90c62af7de9bd373be
      size: 762
