schema: '2.0'
stages:
  load_data:
    cmd: python -m src.data_loading.load_data
    deps:
    - path: src/data_loading/load_data.py
      hash: md5
      md5: 4cfb609c1caff4d71aa6cc29ec1c7149
      size: 1498
    outs:
    - path: data/raw/raw.csv
      hash: md5
      md5: c62edeb7b7d8f69ae091f48f9ad04001
      size: 116187
  preprocess_data:
    cmd: python -m src.data_preprocessing.preprocess_data
    deps:
    - path: data/raw/raw.csv
      hash: md5
      md5: c62edeb7b7d8f69ae091f48f9ad04001
      size: 116187
    - path: src/data_preprocessing/preprocess_data.py
      hash: md5
      md5: 727f22f9650a9dfb2b1a217912d46034
      size: 3993
    params:
      params.yaml:
        preprocess_data.random_seed: 42
        preprocess_data.test_size: 0.2
    outs:
    - path: artifacts/[features]_mean_imputer.joblib
      hash: md5
      md5: e5def47591b45c614e10432f1efff137
      size: 1511
    - path: data/preprocessed/test_preprocessed.csv
      hash: md5
      md5: c573b8ba9ae33e9784f750c28e23d24c
      size: 26725
    - path: data/preprocessed/train_preprocessed.csv
      hash: md5
      md5: 9f289b208d4e3f2171285495a6643e95
      size: 106010
  engineer_features:
    cmd: python -m src.feature_engineering.engineer_features
    deps:
    - path: data/preprocessed/test_preprocessed.csv
      hash: md5
      md5: c573b8ba9ae33e9784f750c28e23d24c
      size: 26725
    - path: data/preprocessed/train_preprocessed.csv
      hash: md5
      md5: 9f289b208d4e3f2171285495a6643e95
      size: 106010
    - path: src/feature_engineering/engineer_features.py
      hash: md5
      md5: f8446b81a185b5c5d4b06fd60a3b9b9f
      size: 3052
    outs:
    - path: artifacts/[features]_scaler.joblib
      hash: md5
      md5: 79cea221f6bf524464f86cba6929f6e0
      size: 2135
    - path: data/processed/test_processed.csv
      hash: md5
      md5: 4ffae2638735b8d549dedaeeab15b087
      size: 67715
    - path: data/processed/train_processed.csv
      hash: md5
      md5: 11f3fee63b252533508ae6c8d9ce5f2b
      size: 269107
  train:
    cmd: python -m src.model_training.train_model
    deps:
    - path: data/processed/train_processed.csv
      hash: md5
      md5: 11f3fee63b252533508ae6c8d9ce5f2b
      size: 269107
    - path: src/model_training/train_model.py
      hash: md5
      md5: 16882d4d228f2794f649f09e0a9c36fc
      size: 5302
    params:
      params.yaml:
        train.batch_size: 16
        train.dropout_rate: 0.3
        train.epochs: 100
        train.hidden_layer_1_neurons: 64
        train.hidden_layer_2_neurons: 32
        train.learning_rate: 0.001
    outs:
    - path: artifacts/[target]_one_hot_encoder.joblib
      hash: md5
      md5: 9c68e41a114fdb0985121e8d89f055bc
      size: 617
    - path: metrics/training.json
      hash: md5
      md5: 915a7becb428d82efbeed60591f2af89
      size: 141
    - path: models/model.keras
      hash: md5
      md5: 4d9ef5afb53bac26f1988e807491135c
      size: 79540
  evaluate:
    cmd: python -m src.model_evaluation.evaluate_model
    deps:
    - path: artifacts/[target]_one_hot_encoder.joblib
      hash: md5
      md5: 9c68e41a114fdb0985121e8d89f055bc
      size: 617
    - path: data/processed/test_processed.csv
      hash: md5
      md5: 4ffae2638735b8d549dedaeeab15b087
      size: 67715
    - path: models/model.keras
      hash: md5
      md5: 4d9ef5afb53bac26f1988e807491135c
      size: 79540
    - path: src/model_evaluation/evaluate_model.py
      hash: md5
      md5: 1300021eeca5193c758efb74cfff4814
      size: 2514
    outs:
    - path: metrics/evaluation.json
      hash: md5
      md5: 08949cc9df6e0e9a33ff83583ac5a9a5
      size: 736
